
Microsoft Visual Studio Solution File, Format Version 12.00
# Visual Studio 15
VisualStudioVersion = 15.0.27130.2010
MinimumVisualStudioVersion = 10.0.40219.1
Project("{FAE04EC0-301F-11D3-BF4B-00C04F79EFBC}") = "BrewDayAPP", "BrewDayAPP\BrewDayAPP.csproj", "{12619667-B8C3-4793-AB07-64CD2CD83FF4}"
EndProject
Project("{FAE04EC0-301F-11D3-BF4B-00C04F79EFBC}") = "BrewDayAPP.Tests", "BrewDayAPP.Tests\BrewDayAPP.Tests.csproj", "{4C39B948-63D0-4755-9C38-903E330177A1}"
EndProject
Global
	GlobalSection(SolutionConfigurationPlatforms) = preSolution
		Debug|Any CPU = Debug|Any CPU
		Release|Any CPU = Release|Any CPU
	EndGlobalSection
	GlobalSection(ProjectConfigurationPlatforms) = postSolution
		{12619667-B8C3-4793-AB07-64CD2CD83FF4}.Debug|Any CPU.ActiveCfg = Debug|Any CPU
		{12619667-B8C3-4793-AB07-64CD2CD83FF4}.Debug|Any CPU.Build.0 = Debug|Any CPU
		{12619667-B8C3-4793-AB07-64CD2CD83FF4}.Release|Any CPU.ActiveCfg = Release|Any CPU
		{12619667-B8C3-4793-AB07-64CD2CD83FF4}.Release|Any CPU.Build.0 = Release|Any CPU
		{4C39B948-63D0-4755-9C38-903E330177A1}.Debug|Any CPU.ActiveCfg = Debug|Any CPU
		{4C39B948-63D0-4755-9C38-903E330177A1}.Debug|Any CPU.Build.0 = Debug|Any CPU
		{4C39B948-63D0-4755-9C38-903E330177A1}.Release|Any CPU.ActiveCfg = Release|Any CPU
		{4C39B948-63D0-4755-9C38-903E330177A1}.Release|Any CPU.Build.0 = Release|Any CPU
	EndGlobalSection
	GlobalSection(SolutionProperties) = preSolution
		HideSolutionNode = FALSE
	EndGlobalSection
	GlobalSection(ExtensibilityGlobals) = postSolution
		SolutionGuid = {154A84B8-383F-4BC1-90A5-3442548D1F95}
	EndGlobalSection
EndGlobal
